// !$*UTF8*$!
{
	archiveVersion = 1;
	classes = {
	};
	objectVersion = 46;
	objects = {

/* Begin PBXBuildFile section */
		607FACD61AFB9204008FA782 /* AppDelegate.swift in Sources */ = {isa = PBXBuildFile; fileRef = 607FACD51AFB9204008FA782 /* AppDelegate.swift */; };
		607FACDB1AFB9204008FA782 /* Main.storyboard in Resources */ = {isa = PBXBuildFile; fileRef = 607FACD91AFB9204008FA782 /* Main.storyboard */; };
		607FACDD1AFB9204008FA782 /* Images.xcassets in Resources */ = {isa = PBXBuildFile; fileRef = 607FACDC1AFB9204008FA782 /* Images.xcassets */; };
		607FACE01AFB9204008FA782 /* LaunchScreen.xib in Resources */ = {isa = PBXBuildFile; fileRef = 607FACDE1AFB9204008FA782 /* LaunchScreen.xib */; };
		66238FA51AE819D1550D7415 /* Pods_SwiftyEssentials_Example.framework in Frameworks */ = {isa = PBXBuildFile; fileRef = 197A969612C7E107268290E5 /* Pods_SwiftyEssentials_Example.framework */; };
		8B88063130B7E1A35F3A3E77 /* Pods_SwiftyEssentials_Tests.framework in Frameworks */ = {isa = PBXBuildFile; fileRef = 1A6CEEF07410A22BACA2A22D /* Pods_SwiftyEssentials_Tests.framework */; };
		FA15556E204A418900596540 /* DefaultSingleTableViewController.swift in Sources */ = {isa = PBXBuildFile; fileRef = FA155554204A418900596540 /* DefaultSingleTableViewController.swift */; };
		FA15556F204A418900596540 /* SingleCodeTableViewCell.swift in Sources */ = {isa = PBXBuildFile; fileRef = FA155556204A418900596540 /* SingleCodeTableViewCell.swift */; };
		FA155570204A418900596540 /* SingleTitleTableViewCell.swift in Sources */ = {isa = PBXBuildFile; fileRef = FA155557204A418900596540 /* SingleTitleTableViewCell.swift */; };
		FA155571204A418900596540 /* SingleParagraphTableViewCell.swift in Sources */ = {isa = PBXBuildFile; fileRef = FA155558204A418900596540 /* SingleParagraphTableViewCell.swift */; };
		FA155572204A418900596540 /* Array.storyboard in Resources */ = {isa = PBXBuildFile; fileRef = FA15555B204A418900596540 /* Array.storyboard */; };
		FA155573204A418900596540 /* UniqueSingleViewController.swift in Sources */ = {isa = PBXBuildFile; fileRef = FA15555D204A418900596540 /* UniqueSingleViewController.swift */; };
		FA155574204A418900596540 /* PushPopSingleViewController.swift in Sources */ = {isa = PBXBuildFile; fileRef = FA15555E204A418900596540 /* PushPopSingleViewController.swift */; };
		FA155575204A418900596540 /* AllSingleViewController.swift in Sources */ = {isa = PBXBuildFile; fileRef = FA15555F204A418900596540 /* AllSingleViewController.swift */; };
		FA155576204A418900596540 /* RemoveSingleViewController.swift in Sources */ = {isa = PBXBuildFile; fileRef = FA155560204A418900596540 /* RemoveSingleViewController.swift */; };
		FA155577204A418900596540 /* AnySingleViewController.swift in Sources */ = {isa = PBXBuildFile; fileRef = FA155561204A418900596540 /* AnySingleViewController.swift */; };
		FA155578204A418900596540 /* TheOnlyOneElementSingleViewController.swift in Sources */ = {isa = PBXBuildFile; fileRef = FA155562204A418900596540 /* TheOnlyOneElementSingleViewController.swift */; };
		FA155579204A418900596540 /* HasOnlyOneElementSingleViewController.swift in Sources */ = {isa = PBXBuildFile; fileRef = FA155563204A418900596540 /* HasOnlyOneElementSingleViewController.swift */; };
		FA15557A204A418900596540 /* JoinedSingleViewController.swift in Sources */ = {isa = PBXBuildFile; fileRef = FA155564204A418900596540 /* JoinedSingleViewController.swift */; };
		FA15557B204A418900596540 /* AnySingleExampleTableViewCell.swift in Sources */ = {isa = PBXBuildFile; fileRef = FA155566204A418900596540 /* AnySingleExampleTableViewCell.swift */; };
		FA15557C204A418900596540 /* HasOnlyOneElementSingleExampleTableViewCell.swift in Sources */ = {isa = PBXBuildFile; fileRef = FA155567204A418900596540 /* HasOnlyOneElementSingleExampleTableViewCell.swift */; };
		FA15557D204A418900596540 /* JoinedSingleExampleTableViewCell.swift in Sources */ = {isa = PBXBuildFile; fileRef = FA155568204A418900596540 /* JoinedSingleExampleTableViewCell.swift */; };
		FA15557E204A418900596540 /* AllSingleExampleTableViewCell.swift in Sources */ = {isa = PBXBuildFile; fileRef = FA155569204A418900596540 /* AllSingleExampleTableViewCell.swift */; };
		FA15557F204A418900596540 /* UniqueSingleExampleTableViewCell.swift in Sources */ = {isa = PBXBuildFile; fileRef = FA15556A204A418900596540 /* UniqueSingleExampleTableViewCell.swift */; };
		FA155580204A418900596540 /* RemoveSingleExampleTableViewCell.swift in Sources */ = {isa = PBXBuildFile; fileRef = FA15556B204A418900596540 /* RemoveSingleExampleTableViewCell.swift */; };
		FA155581204A418900596540 /* PushPopSingleExampleTableViewCell.swift in Sources */ = {isa = PBXBuildFile; fileRef = FA15556C204A418900596540 /* PushPopSingleExampleTableViewCell.swift */; };
		FA155582204A418900596540 /* TheOnlyOneElementSingleExampleTableViewCell.swift in Sources */ = {isa = PBXBuildFile; fileRef = FA15556D204A418900596540 /* TheOnlyOneElementSingleExampleTableViewCell.swift */; };
		FA92AE882056D1E3009B5577 /* DateTests.swift in Sources */ = {isa = PBXBuildFile; fileRef = FA92AE872056D1E3009B5577 /* DateTests.swift */; };
		FA92AE8C2056F1D2009B5577 /* IntTests.swift in Sources */ = {isa = PBXBuildFile; fileRef = FA92AE8B2056F1D2009B5577 /* IntTests.swift */; };
		FA92AE922056F62D009B5577 /* NSDateTests.swift in Sources */ = {isa = PBXBuildFile; fileRef = FA92AE912056F62D009B5577 /* NSDateTests.swift */; };
		FA92AE96205704D9009B5577 /* StringTests.swift in Sources */ = {isa = PBXBuildFile; fileRef = FA92AE95205704D9009B5577 /* StringTests.swift */; };
		FA92AE9A20570CDE009B5577 /* TimerTests.swift in Sources */ = {isa = PBXBuildFile; fileRef = FA92AE9920570CDE009B5577 /* TimerTests.swift */; };
		FA9A2699204B5D750083F2AF /* ArrayTests.swift in Sources */ = {isa = PBXBuildFile; fileRef = FA9A2698204B5D750083F2AF /* ArrayTests.swift */; };
/* End PBXBuildFile section */

/* Begin PBXContainerItemProxy section */
		607FACE61AFB9204008FA782 /* PBXContainerItemProxy */ = {
			isa = PBXContainerItemProxy;
			containerPortal = 607FACC81AFB9204008FA782 /* Project object */;
			proxyType = 1;
			remoteGlobalIDString = 607FACCF1AFB9204008FA782;
			remoteInfo = SwiftyEssentials;
		};
/* End PBXContainerItemProxy section */

/* Begin PBXFileReference section */
		197A969612C7E107268290E5 /* Pods_SwiftyEssentials_Example.framework */ = {isa = PBXFileReference; explicitFileType = wrapper.framework; includeInIndex = 0; path = Pods_SwiftyEssentials_Example.framework; sourceTree = BUILT_PRODUCTS_DIR; };
		1A6CEEF07410A22BACA2A22D /* Pods_SwiftyEssentials_Tests.framework */ = {isa = PBXFileReference; explicitFileType = wrapper.framework; includeInIndex = 0; path = Pods_SwiftyEssentials_Tests.framework; sourceTree = BUILT_PRODUCTS_DIR; };
		1B6D361AB71E46D3CCC36E42 /* LICENSE */ = {isa = PBXFileReference; includeInIndex = 1; lastKnownFileType = text; name = LICENSE; path = ../LICENSE; sourceTree = "<group>"; };
		1C313112ABDA69885B5BD218 /* Pods-SwiftyEssentials_Tests.release.xcconfig */ = {isa = PBXFileReference; includeInIndex = 1; lastKnownFileType = text.xcconfig; name = "Pods-SwiftyEssentials_Tests.release.xcconfig"; path = "Pods/Target Support Files/Pods-SwiftyEssentials_Tests/Pods-SwiftyEssentials_Tests.release.xcconfig"; sourceTree = "<group>"; };
		2666E64C64A9A0020150E176 /* Pods-SwiftyEssentials_Tests.debug.xcconfig */ = {isa = PBXFileReference; includeInIndex = 1; lastKnownFileType = text.xcconfig; name = "Pods-SwiftyEssentials_Tests.debug.xcconfig"; path = "Pods/Target Support Files/Pods-SwiftyEssentials_Tests/Pods-SwiftyEssentials_Tests.debug.xcconfig"; sourceTree = "<group>"; };
		607FACD01AFB9204008FA782 /* SwiftyEssentials_Example.app */ = {isa = PBXFileReference; explicitFileType = wrapper.application; includeInIndex = 0; path = SwiftyEssentials_Example.app; sourceTree = BUILT_PRODUCTS_DIR; };
		607FACD41AFB9204008FA782 /* Info.plist */ = {isa = PBXFileReference; lastKnownFileType = text.plist.xml; path = Info.plist; sourceTree = "<group>"; };
		607FACD51AFB9204008FA782 /* AppDelegate.swift */ = {isa = PBXFileReference; lastKnownFileType = sourcecode.swift; path = AppDelegate.swift; sourceTree = "<group>"; };
		607FACDA1AFB9204008FA782 /* Base */ = {isa = PBXFileReference; lastKnownFileType = file.storyboard; name = Base; path = Base.lproj/Main.storyboard; sourceTree = "<group>"; };
		607FACDC1AFB9204008FA782 /* Images.xcassets */ = {isa = PBXFileReference; lastKnownFileType = folder.assetcatalog; path = Images.xcassets; sourceTree = "<group>"; };
		607FACDF1AFB9204008FA782 /* Base */ = {isa = PBXFileReference; lastKnownFileType = file.xib; name = Base; path = Base.lproj/LaunchScreen.xib; sourceTree = "<group>"; };
		607FACE51AFB9204008FA782 /* SwiftyEssentials_Tests.xctest */ = {isa = PBXFileReference; explicitFileType = wrapper.cfbundle; includeInIndex = 0; path = SwiftyEssentials_Tests.xctest; sourceTree = BUILT_PRODUCTS_DIR; };
		607FACEA1AFB9204008FA782 /* Info.plist */ = {isa = PBXFileReference; lastKnownFileType = text.plist.xml; path = Info.plist; sourceTree = "<group>"; };
		6524ACEC73A244096D6FE440 /* Pods-SwiftyEssentials_Example.debug.xcconfig */ = {isa = PBXFileReference; includeInIndex = 1; lastKnownFileType = text.xcconfig; name = "Pods-SwiftyEssentials_Example.debug.xcconfig"; path = "Pods/Target Support Files/Pods-SwiftyEssentials_Example/Pods-SwiftyEssentials_Example.debug.xcconfig"; sourceTree = "<group>"; };
		8F27C8DDF38C5AE328C034A3 /* README.md */ = {isa = PBXFileReference; includeInIndex = 1; lastKnownFileType = net.daringfireball.markdown; name = README.md; path = ../README.md; sourceTree = "<group>"; };
		BCFE2715C4E40F0659FC1B82 /* Pods-SwiftyEssentials_Example.release.xcconfig */ = {isa = PBXFileReference; includeInIndex = 1; lastKnownFileType = text.xcconfig; name = "Pods-SwiftyEssentials_Example.release.xcconfig"; path = "Pods/Target Support Files/Pods-SwiftyEssentials_Example/Pods-SwiftyEssentials_Example.release.xcconfig"; sourceTree = "<group>"; };
		E7082848E82B9B93DC87CACA /* SwiftyEssentials.podspec */ = {isa = PBXFileReference; includeInIndex = 1; lastKnownFileType = text; name = SwiftyEssentials.podspec; path = ../SwiftyEssentials.podspec; sourceTree = "<group>"; xcLanguageSpecificationIdentifier = xcode.lang.ruby; };
		FA155554204A418900596540 /* DefaultSingleTableViewController.swift */ = {isa = PBXFileReference; fileEncoding = 4; lastKnownFileType = sourcecode.swift; path = DefaultSingleTableViewController.swift; sourceTree = "<group>"; };
		FA155556204A418900596540 /* SingleCodeTableViewCell.swift */ = {isa = PBXFileReference; fileEncoding = 4; lastKnownFileType = sourcecode.swift; path = SingleCodeTableViewCell.swift; sourceTree = "<group>"; };
		FA155557204A418900596540 /* SingleTitleTableViewCell.swift */ = {isa = PBXFileReference; fileEncoding = 4; lastKnownFileType = sourcecode.swift; path = SingleTitleTableViewCell.swift; sourceTree = "<group>"; };
		FA155558204A418900596540 /* SingleParagraphTableViewCell.swift */ = {isa = PBXFileReference; fileEncoding = 4; lastKnownFileType = sourcecode.swift; path = SingleParagraphTableViewCell.swift; sourceTree = "<group>"; };
		FA15555B204A418900596540 /* Array.storyboard */ = {isa = PBXFileReference; fileEncoding = 4; lastKnownFileType = file.storyboard; path = Array.storyboard; sourceTree = "<group>"; };
		FA15555D204A418900596540 /* UniqueSingleViewController.swift */ = {isa = PBXFileReference; fileEncoding = 4; lastKnownFileType = sourcecode.swift; path = UniqueSingleViewController.swift; sourceTree = "<group>"; };
		FA15555E204A418900596540 /* PushPopSingleViewController.swift */ = {isa = PBXFileReference; fileEncoding = 4; lastKnownFileType = sourcecode.swift; path = PushPopSingleViewController.swift; sourceTree = "<group>"; };
		FA15555F204A418900596540 /* AllSingleViewController.swift */ = {isa = PBXFileReference; fileEncoding = 4; lastKnownFileType = sourcecode.swift; path = AllSingleViewController.swift; sourceTree = "<group>"; };
		FA155560204A418900596540 /* RemoveSingleViewController.swift */ = {isa = PBXFileReference; fileEncoding = 4; lastKnownFileType = sourcecode.swift; path = RemoveSingleViewController.swift; sourceTree = "<group>"; };
		FA155561204A418900596540 /* AnySingleViewController.swift */ = {isa = PBXFileReference; fileEncoding = 4; lastKnownFileType = sourcecode.swift; path = AnySingleViewController.swift; sourceTree = "<group>"; };
		FA155562204A418900596540 /* TheOnlyOneElementSingleViewController.swift */ = {isa = PBXFileReference; fileEncoding = 4; lastKnownFileType = sourcecode.swift; path = TheOnlyOneElementSingleViewController.swift; sourceTree = "<group>"; };
		FA155563204A418900596540 /* HasOnlyOneElementSingleViewController.swift */ = {isa = PBXFileReference; fileEncoding = 4; lastKnownFileType = sourcecode.swift; path = HasOnlyOneElementSingleViewController.swift; sourceTree = "<group>"; };
		FA155564204A418900596540 /* JoinedSingleViewController.swift */ = {isa = PBXFileReference; fileEncoding = 4; lastKnownFileType = sourcecode.swift; path = JoinedSingleViewController.swift; sourceTree = "<group>"; };
		FA155566204A418900596540 /* AnySingleExampleTableViewCell.swift */ = {isa = PBXFileReference; fileEncoding = 4; lastKnownFileType = sourcecode.swift; path = AnySingleExampleTableViewCell.swift; sourceTree = "<group>"; };
		FA155567204A418900596540 /* HasOnlyOneElementSingleExampleTableViewCell.swift */ = {isa = PBXFileReference; fileEncoding = 4; lastKnownFileType = sourcecode.swift; path = HasOnlyOneElementSingleExampleTableViewCell.swift; sourceTree = "<group>"; };
		FA155568204A418900596540 /* JoinedSingleExampleTableViewCell.swift */ = {isa = PBXFileReference; fileEncoding = 4; lastKnownFileType = sourcecode.swift; path = JoinedSingleExampleTableViewCell.swift; sourceTree = "<group>"; };
		FA155569204A418900596540 /* AllSingleExampleTableViewCell.swift */ = {isa = PBXFileReference; fileEncoding = 4; lastKnownFileType = sourcecode.swift; path = AllSingleExampleTableViewCell.swift; sourceTree = "<group>"; };
		FA15556A204A418900596540 /* UniqueSingleExampleTableViewCell.swift */ = {isa = PBXFileReference; fileEncoding = 4; lastKnownFileType = sourcecode.swift; path = UniqueSingleExampleTableViewCell.swift; sourceTree = "<group>"; };
		FA15556B204A418900596540 /* RemoveSingleExampleTableViewCell.swift */ = {isa = PBXFileReference; fileEncoding = 4; lastKnownFileType = sourcecode.swift; path = RemoveSingleExampleTableViewCell.swift; sourceTree = "<group>"; };
		FA15556C204A418900596540 /* PushPopSingleExampleTableViewCell.swift */ = {isa = PBXFileReference; fileEncoding = 4; lastKnownFileType = sourcecode.swift; path = PushPopSingleExampleTableViewCell.swift; sourceTree = "<group>"; };
		FA15556D204A418900596540 /* TheOnlyOneElementSingleExampleTableViewCell.swift */ = {isa = PBXFileReference; fileEncoding = 4; lastKnownFileType = sourcecode.swift; path = TheOnlyOneElementSingleExampleTableViewCell.swift; sourceTree = "<group>"; };
		FA92AE872056D1E3009B5577 /* DateTests.swift */ = {isa = PBXFileReference; lastKnownFileType = sourcecode.swift; path = DateTests.swift; sourceTree = "<group>"; };
		FA92AE8B2056F1D2009B5577 /* IntTests.swift */ = {isa = PBXFileReference; lastKnownFileType = sourcecode.swift; path = IntTests.swift; sourceTree = "<group>"; };
		FA92AE912056F62D009B5577 /* NSDateTests.swift */ = {isa = PBXFileReference; lastKnownFileType = sourcecode.swift; path = NSDateTests.swift; sourceTree = "<group>"; };
		FA92AE95205704D9009B5577 /* StringTests.swift */ = {isa = PBXFileReference; lastKnownFileType = sourcecode.swift; path = StringTests.swift; sourceTree = "<group>"; };
		FA92AE9920570CDE009B5577 /* TimerTests.swift */ = {isa = PBXFileReference; lastKnownFileType = sourcecode.swift; path = TimerTests.swift; sourceTree = "<group>"; };
		FA9A2698204B5D750083F2AF /* ArrayTests.swift */ = {isa = PBXFileReference; lastKnownFileType = sourcecode.swift; path = ArrayTests.swift; sourceTree = "<group>"; };
/* End PBXFileReference section */

/* Begin PBXFrameworksBuildPhase section */
		607FACCD1AFB9204008FA782 /* Frameworks */ = {
			isa = PBXFrameworksBuildPhase;
			buildActionMask = 2147483647;
			files = (
				66238FA51AE819D1550D7415 /* Pods_SwiftyEssentials_Example.framework in Frameworks */,
			);
			runOnlyForDeploymentPostprocessing = 0;
		};
		607FACE21AFB9204008FA782 /* Frameworks */ = {
			isa = PBXFrameworksBuildPhase;
			buildActionMask = 2147483647;
			files = (
				8B88063130B7E1A35F3A3E77 /* Pods_SwiftyEssentials_Tests.framework in Frameworks */,
			);
			runOnlyForDeploymentPostprocessing = 0;
		};
/* End PBXFrameworksBuildPhase section */

/* Begin PBXGroup section */
		607FACC71AFB9204008FA782 = {
			isa = PBXGroup;
			children = (
				607FACF51AFB993E008FA782 /* Podspec Metadata */,
				607FACD21AFB9204008FA782 /* Example for SwiftyEssentials */,
				607FACE81AFB9204008FA782 /* Tests */,
				607FACD11AFB9204008FA782 /* Products */,
				F3D44FA951A6B3BCD70D3C96 /* Pods */,
				6A404084825893E63CF11AA9 /* Frameworks */,
			);
			sourceTree = "<group>";
		};
		607FACD11AFB9204008FA782 /* Products */ = {
			isa = PBXGroup;
			children = (
				607FACD01AFB9204008FA782 /* SwiftyEssentials_Example.app */,
				607FACE51AFB9204008FA782 /* SwiftyEssentials_Tests.xctest */,
			);
			name = Products;
			sourceTree = "<group>";
		};
		607FACD21AFB9204008FA782 /* Example for SwiftyEssentials */ = {
			isa = PBXGroup;
			children = (
				FA155555204A418900596540 /* components */,
				FA155553204A418900596540 /* controllers */,
				FA155559204A418900596540 /* utils */,
				607FACD51AFB9204008FA782 /* AppDelegate.swift */,
				607FACD91AFB9204008FA782 /* Main.storyboard */,
				607FACDC1AFB9204008FA782 /* Images.xcassets */,
				607FACDE1AFB9204008FA782 /* LaunchScreen.xib */,
				607FACD31AFB9204008FA782 /* Supporting Files */,
			);
			name = "Example for SwiftyEssentials";
			path = SwiftyEssentials;
			sourceTree = "<group>";
		};
		607FACD31AFB9204008FA782 /* Supporting Files */ = {
			isa = PBXGroup;
			children = (
				607FACD41AFB9204008FA782 /* Info.plist */,
			);
			name = "Supporting Files";
			sourceTree = "<group>";
		};
		607FACE81AFB9204008FA782 /* Tests */ = {
			isa = PBXGroup;
			children = (
				FA92AE9920570CDE009B5577 /* TimerTests.swift */,
				FA92AE95205704D9009B5577 /* StringTests.swift */,
				FA92AE912056F62D009B5577 /* NSDateTests.swift */,
				FA9A2698204B5D750083F2AF /* ArrayTests.swift */,
				FA92AE872056D1E3009B5577 /* DateTests.swift */,
				FA92AE8B2056F1D2009B5577 /* IntTests.swift */,
				607FACE91AFB9204008FA782 /* Supporting Files */,
			);
			path = Tests;
			sourceTree = "<group>";
		};
		607FACE91AFB9204008FA782 /* Supporting Files */ = {
			isa = PBXGroup;
			children = (
				607FACEA1AFB9204008FA782 /* Info.plist */,
			);
			name = "Supporting Files";
			sourceTree = "<group>";
		};
		607FACF51AFB993E008FA782 /* Podspec Metadata */ = {
			isa = PBXGroup;
			children = (
				E7082848E82B9B93DC87CACA /* SwiftyEssentials.podspec */,
				8F27C8DDF38C5AE328C034A3 /* README.md */,
				1B6D361AB71E46D3CCC36E42 /* LICENSE */,
			);
			name = "Podspec Metadata";
			sourceTree = "<group>";
		};
		6A404084825893E63CF11AA9 /* Frameworks */ = {
			isa = PBXGroup;
			children = (
				197A969612C7E107268290E5 /* Pods_SwiftyEssentials_Example.framework */,
				1A6CEEF07410A22BACA2A22D /* Pods_SwiftyEssentials_Tests.framework */,
			);
			name = Frameworks;
			sourceTree = "<group>";
		};
		F3D44FA951A6B3BCD70D3C96 /* Pods */ = {
			isa = PBXGroup;
			children = (
				6524ACEC73A244096D6FE440 /* Pods-SwiftyEssentials_Example.debug.xcconfig */,
				BCFE2715C4E40F0659FC1B82 /* Pods-SwiftyEssentials_Example.release.xcconfig */,
				2666E64C64A9A0020150E176 /* Pods-SwiftyEssentials_Tests.debug.xcconfig */,
				1C313112ABDA69885B5BD218 /* Pods-SwiftyEssentials_Tests.release.xcconfig */,
			);
			name = Pods;
			sourceTree = "<group>";
		};
		FA155553204A418900596540 /* controllers */ = {
			isa = PBXGroup;
			children = (
				FA155554204A418900596540 /* DefaultSingleTableViewController.swift */,
			);
			path = controllers;
			sourceTree = "<group>";
		};
		FA155555204A418900596540 /* components */ = {
			isa = PBXGroup;
			children = (
				FA155556204A418900596540 /* SingleCodeTableViewCell.swift */,
				FA155557204A418900596540 /* SingleTitleTableViewCell.swift */,
				FA155558204A418900596540 /* SingleParagraphTableViewCell.swift */,
			);
			path = components;
			sourceTree = "<group>";
		};
		FA155559204A418900596540 /* utils */ = {
			isa = PBXGroup;
			children = (
				FA15555A204A418900596540 /* Array */,
			);
			path = utils;
			sourceTree = "<group>";
		};
		FA15555A204A418900596540 /* Array */ = {
			isa = PBXGroup;
			children = (
				FA15555B204A418900596540 /* Array.storyboard */,
				FA15555C204A418900596540 /* controller */,
				FA155565204A418900596540 /* components */,
			);
			path = Array;
			sourceTree = "<group>";
		};
		FA15555C204A418900596540 /* controller */ = {
			isa = PBXGroup;
			children = (
				FA15555D204A418900596540 /* UniqueSingleViewController.swift */,
				FA15555E204A418900596540 /* PushPopSingleViewController.swift */,
				FA15555F204A418900596540 /* AllSingleViewController.swift */,
				FA155560204A418900596540 /* RemoveSingleViewController.swift */,
				FA155561204A418900596540 /* AnySingleViewController.swift */,
				FA155562204A418900596540 /* TheOnlyOneElementSingleViewController.swift */,
				FA155563204A418900596540 /* HasOnlyOneElementSingleViewController.swift */,
				FA155564204A418900596540 /* JoinedSingleViewController.swift */,
			);
			path = controller;
			sourceTree = "<group>";
		};
		FA155565204A418900596540 /* components */ = {
			isa = PBXGroup;
			children = (
				FA155566204A418900596540 /* AnySingleExampleTableViewCell.swift */,
				FA155567204A418900596540 /* HasOnlyOneElementSingleExampleTableViewCell.swift */,
				FA155568204A418900596540 /* JoinedSingleExampleTableViewCell.swift */,
				FA155569204A418900596540 /* AllSingleExampleTableViewCell.swift */,
				FA15556A204A418900596540 /* UniqueSingleExampleTableViewCell.swift */,
				FA15556B204A418900596540 /* RemoveSingleExampleTableViewCell.swift */,
				FA15556C204A418900596540 /* PushPopSingleExampleTableViewCell.swift */,
				FA15556D204A418900596540 /* TheOnlyOneElementSingleExampleTableViewCell.swift */,
			);
			path = components;
			sourceTree = "<group>";
		};
/* End PBXGroup section */

/* Begin PBXNativeTarget section */
		607FACCF1AFB9204008FA782 /* SwiftyEssentials_Example */ = {
			isa = PBXNativeTarget;
			buildConfigurationList = 607FACEF1AFB9204008FA782 /* Build configuration list for PBXNativeTarget "SwiftyEssentials_Example" */;
			buildPhases = (
				B2ABB1DC4922475CC5600528 /* [CP] Check Pods Manifest.lock */,
				607FACCC1AFB9204008FA782 /* Sources */,
				607FACCD1AFB9204008FA782 /* Frameworks */,
				607FACCE1AFB9204008FA782 /* Resources */,
				F4AE7C1B9EF1874186B7674D /* [CP] Embed Pods Frameworks */,
				09D9CEB329BEEE83BE6805AA /* [CP] Copy Pods Resources */,
			);
			buildRules = (
			);
			dependencies = (
			);
			name = SwiftyEssentials_Example;
			productName = SwiftyEssentials;
			productReference = 607FACD01AFB9204008FA782 /* SwiftyEssentials_Example.app */;
			productType = "com.apple.product-type.application";
		};
		607FACE41AFB9204008FA782 /* SwiftyEssentials_Tests */ = {
			isa = PBXNativeTarget;
			buildConfigurationList = 607FACF21AFB9204008FA782 /* Build configuration list for PBXNativeTarget "SwiftyEssentials_Tests" */;
			buildPhases = (
				6764EE745DD0A425C74F6635 /* [CP] Check Pods Manifest.lock */,
				607FACE11AFB9204008FA782 /* Sources */,
				607FACE21AFB9204008FA782 /* Frameworks */,
				607FACE31AFB9204008FA782 /* Resources */,
				A6DD734140678152239F0400 /* [CP] Embed Pods Frameworks */,
				942297444434AA0A58915D2E /* [CP] Copy Pods Resources */,
			);
			buildRules = (
			);
			dependencies = (
				607FACE71AFB9204008FA782 /* PBXTargetDependency */,
			);
			name = SwiftyEssentials_Tests;
			productName = Tests;
			productReference = 607FACE51AFB9204008FA782 /* SwiftyEssentials_Tests.xctest */;
			productType = "com.apple.product-type.bundle.unit-test";
		};
/* End PBXNativeTarget section */

/* Begin PBXProject section */
		607FACC81AFB9204008FA782 /* Project object */ = {
			isa = PBXProject;
			attributes = {
				LastSwiftUpdateCheck = 0830;
				LastUpgradeCheck = 0830;
				ORGANIZATIONNAME = CocoaPods;
				TargetAttributes = {
					607FACCF1AFB9204008FA782 = {
						CreatedOnToolsVersion = 6.3.1;
						LastSwiftMigration = 0900;
					};
					607FACE41AFB9204008FA782 = {
						CreatedOnToolsVersion = 6.3.1;
						LastSwiftMigration = 0900;
						TestTargetID = 607FACCF1AFB9204008FA782;
					};
				};
			};
			buildConfigurationList = 607FACCB1AFB9204008FA782 /* Build configuration list for PBXProject "SwiftyEssentials" */;
			compatibilityVersion = "Xcode 3.2";
			developmentRegion = English;
			hasScannedForEncodings = 0;
			knownRegions = (
				en,
				Base,
			);
			mainGroup = 607FACC71AFB9204008FA782;
			productRefGroup = 607FACD11AFB9204008FA782 /* Products */;
			projectDirPath = "";
			projectRoot = "";
			targets = (
				607FACCF1AFB9204008FA782 /* SwiftyEssentials_Example */,
				607FACE41AFB9204008FA782 /* SwiftyEssentials_Tests */,
			);
		};
/* End PBXProject section */

/* Begin PBXResourcesBuildPhase section */
		607FACCE1AFB9204008FA782 /* Resources */ = {
			isa = PBXResourcesBuildPhase;
			buildActionMask = 2147483647;
			files = (
				607FACDB1AFB9204008FA782 /* Main.storyboard in Resources */,
				607FACE01AFB9204008FA782 /* LaunchScreen.xib in Resources */,
				FA155572204A418900596540 /* Array.storyboard in Resources */,
				607FACDD1AFB9204008FA782 /* Images.xcassets in Resources */,
			);
			runOnlyForDeploymentPostprocessing = 0;
		};
		607FACE31AFB9204008FA782 /* Resources */ = {
			isa = PBXResourcesBuildPhase;
			buildActionMask = 2147483647;
			files = (
			);
			runOnlyForDeploymentPostprocessing = 0;
		};
/* End PBXResourcesBuildPhase section */

/* Begin PBXShellScriptBuildPhase section */
		09D9CEB329BEEE83BE6805AA /* [CP] Copy Pods Resources */ = {
			isa = PBXShellScriptBuildPhase;
			buildActionMask = 2147483647;
			files = (
			);
			inputPaths = (
			);
			name = "[CP] Copy Pods Resources";
			outputPaths = (
			);
			runOnlyForDeploymentPostprocessing = 0;
			shellPath = /bin/sh;
			shellScript = "\"${SRCROOT}/Pods/Target Support Files/Pods-SwiftyEssentials_Example/Pods-SwiftyEssentials_Example-resources.sh\"\n";
			showEnvVarsInLog = 0;
		};
		6764EE745DD0A425C74F6635 /* [CP] Check Pods Manifest.lock */ = {
			isa = PBXShellScriptBuildPhase;
			buildActionMask = 2147483647;
			files = (
			);
			inputPaths = (
				"${PODS_PODFILE_DIR_PATH}/Podfile.lock",
				"${PODS_ROOT}/Manifest.lock",
			);
			name = "[CP] Check Pods Manifest.lock";
			outputPaths = (
				"$(DERIVED_FILE_DIR)/Pods-SwiftyEssentials_Tests-checkManifestLockResult.txt",
			);
			runOnlyForDeploymentPostprocessing = 0;
			shellPath = /bin/sh;
			shellScript = "diff \"${PODS_PODFILE_DIR_PATH}/Podfile.lock\" \"${PODS_ROOT}/Manifest.lock\" > /dev/null\nif [ $? != 0 ] ; then\n    # print error to STDERR\n    echo \"error: The sandbox is not in sync with the Podfile.lock. Run 'pod install' or update your CocoaPods installation.\" >&2\n    exit 1\nfi\n# This output is used by Xcode 'outputs' to avoid re-running this script phase.\necho \"SUCCESS\" > \"${SCRIPT_OUTPUT_FILE_0}\"\n";
			showEnvVarsInLog = 0;
		};
		942297444434AA0A58915D2E /* [CP] Copy Pods Resources */ = {
			isa = PBXShellScriptBuildPhase;
			buildActionMask = 2147483647;
			files = (
			);
			inputPaths = (
			);
			name = "[CP] Copy Pods Resources";
			outputPaths = (
			);
			runOnlyForDeploymentPostprocessing = 0;
			shellPath = /bin/sh;
			shellScript = "\"${SRCROOT}/Pods/Target Support Files/Pods-SwiftyEssentials_Tests/Pods-SwiftyEssentials_Tests-resources.sh\"\n";
			showEnvVarsInLog = 0;
		};
		A6DD734140678152239F0400 /* [CP] Embed Pods Frameworks */ = {
			isa = PBXShellScriptBuildPhase;
			buildActionMask = 2147483647;
			files = (
			);
			inputPaths = (
				"${SRCROOT}/Pods/Target Support Files/Pods-SwiftyEssentials_Tests/Pods-SwiftyEssentials_Tests-frameworks.sh",
				"${BUILT_PRODUCTS_DIR}/SwiftyEssentials-iOS9.3/SwiftyEssentials.framework",
			);
			name = "[CP] Embed Pods Frameworks";
			outputPaths = (
				"${TARGET_BUILD_DIR}/${FRAMEWORKS_FOLDER_PATH}/SwiftyEssentials.framework",
			);
			runOnlyForDeploymentPostprocessing = 0;
			shellPath = /bin/sh;
			shellScript = "\"${SRCROOT}/Pods/Target Support Files/Pods-SwiftyEssentials_Tests/Pods-SwiftyEssentials_Tests-frameworks.sh\"\n";
			showEnvVarsInLog = 0;
		};
		B2ABB1DC4922475CC5600528 /* [CP] Check Pods Manifest.lock */ = {
			isa = PBXShellScriptBuildPhase;
			buildActionMask = 2147483647;
			files = (
			);
			inputPaths = (
				"${PODS_PODFILE_DIR_PATH}/Podfile.lock",
				"${PODS_ROOT}/Manifest.lock",
			);
			name = "[CP] Check Pods Manifest.lock";
			outputPaths = (
				"$(DERIVED_FILE_DIR)/Pods-SwiftyEssentials_Example-checkManifestLockResult.txt",
			);
			runOnlyForDeploymentPostprocessing = 0;
			shellPath = /bin/sh;
			shellScript = "diff \"${PODS_PODFILE_DIR_PATH}/Podfile.lock\" \"${PODS_ROOT}/Manifest.lock\" > /dev/null\nif [ $? != 0 ] ; then\n    # print error to STDERR\n    echo \"error: The sandbox is not in sync with the Podfile.lock. Run 'pod install' or update your CocoaPods installation.\" >&2\n    exit 1\nfi\n# This output is used by Xcode 'outputs' to avoid re-running this script phase.\necho \"SUCCESS\" > \"${SCRIPT_OUTPUT_FILE_0}\"\n";
			showEnvVarsInLog = 0;
		};
		F4AE7C1B9EF1874186B7674D /* [CP] Embed Pods Frameworks */ = {
			isa = PBXShellScriptBuildPhase;
			buildActionMask = 2147483647;
			files = (
			);
			inputPaths = (
				"${SRCROOT}/Pods/Target Support Files/Pods-SwiftyEssentials_Example/Pods-SwiftyEssentials_Example-frameworks.sh",
				"${BUILT_PRODUCTS_DIR}/SwiftyEssentials-iOS10.0/SwiftyEssentials.framework",
			);
			name = "[CP] Embed Pods Frameworks";
			outputPaths = (
				"${TARGET_BUILD_DIR}/${FRAMEWORKS_FOLDER_PATH}/SwiftyEssentials.framework",
			);
			runOnlyForDeploymentPostprocessing = 0;
			shellPath = /bin/sh;
			shellScript = "\"${SRCROOT}/Pods/Target Support Files/Pods-SwiftyEssentials_Example/Pods-SwiftyEssentials_Example-frameworks.sh\"\n";
			showEnvVarsInLog = 0;
		};
/* End PBXShellScriptBuildPhase section */

/* Begin PBXSourcesBuildPhase section */
		607FACCC1AFB9204008FA782 /* Sources */ = {
			isa = PBXSourcesBuildPhase;
			buildActionMask = 2147483647;
			files = (
				FA155574204A418900596540 /* PushPopSingleViewController.swift in Sources */,
				FA15557A204A418900596540 /* JoinedSingleViewController.swift in Sources */,
				FA15557E204A418900596540 /* AllSingleExampleTableViewCell.swift in Sources */,
				FA155573204A418900596540 /* UniqueSingleViewController.swift in Sources */,
				FA155575204A418900596540 /* AllSingleViewController.swift in Sources */,
				FA155576204A418900596540 /* RemoveSingleViewController.swift in Sources */,
				FA15557B204A418900596540 /* AnySingleExampleTableViewCell.swift in Sources */,
				FA155570204A418900596540 /* SingleTitleTableViewCell.swift in Sources */,
				FA155582204A418900596540 /* TheOnlyOneElementSingleExampleTableViewCell.swift in Sources */,
				607FACD61AFB9204008FA782 /* AppDelegate.swift in Sources */,
				FA155578204A418900596540 /* TheOnlyOneElementSingleViewController.swift in Sources */,
				FA155581204A418900596540 /* PushPopSingleExampleTableViewCell.swift in Sources */,
				FA155571204A418900596540 /* SingleParagraphTableViewCell.swift in Sources */,
				FA15556E204A418900596540 /* DefaultSingleTableViewController.swift in Sources */,
				FA15557D204A418900596540 /* JoinedSingleExampleTableViewCell.swift in Sources */,
				FA155579204A418900596540 /* HasOnlyOneElementSingleViewController.swift in Sources */,
				FA15556F204A418900596540 /* SingleCodeTableViewCell.swift in Sources */,
				FA15557F204A418900596540 /* UniqueSingleExampleTableViewCell.swift in Sources */,
				FA155577204A418900596540 /* AnySingleViewController.swift in Sources */,
				FA155580204A418900596540 /* RemoveSingleExampleTableViewCell.swift in Sources */,
				FA15557C204A418900596540 /* HasOnlyOneElementSingleExampleTableViewCell.swift in Sources */,
			);
			runOnlyForDeploymentPostprocessing = 0;
		};
		607FACE11AFB9204008FA782 /* Sources */ = {
			isa = PBXSourcesBuildPhase;
			buildActionMask = 2147483647;
			files = (
				FA92AE9A20570CDE009B5577 /* TimerTests.swift in Sources */,
				FA92AE882056D1E3009B5577 /* DateTests.swift in Sources */,
				FA9A2699204B5D750083F2AF /* ArrayTests.swift in Sources */,
				FA92AE8C2056F1D2009B5577 /* IntTests.swift in Sources */,
				FA92AE96205704D9009B5577 /* StringTests.swift in Sources */,
				FA92AE922056F62D009B5577 /* NSDateTests.swift in Sources */,
			);
			runOnlyForDeploymentPostprocessing = 0;
		};
/* End PBXSourcesBuildPhase section */

/* Begin PBXTargetDependency section */
		607FACE71AFB9204008FA782 /* PBXTargetDependency */ = {
			isa = PBXTargetDependency;
			target = 607FACCF1AFB9204008FA782 /* SwiftyEssentials_Example */;
			targetProxy = 607FACE61AFB9204008FA782 /* PBXContainerItemProxy */;
		};
/* End PBXTargetDependency section */

/* Begin PBXVariantGroup section */
		607FACD91AFB9204008FA782 /* Main.storyboard */ = {
			isa = PBXVariantGroup;
			children = (
				607FACDA1AFB9204008FA782 /* Base */,
			);
			name = Main.storyboard;
			sourceTree = "<group>";
		};
		607FACDE1AFB9204008FA782 /* LaunchScreen.xib */ = {
			isa = PBXVariantGroup;
			children = (
				607FACDF1AFB9204008FA782 /* Base */,
			);
			name = LaunchScreen.xib;
			sourceTree = "<group>";
		};
/* End PBXVariantGroup section */

/* Begin XCBuildConfiguration section */
		607FACED1AFB9204008FA782 /* Debug */ = {
			isa = XCBuildConfiguration;
			buildSettings = {
				ALWAYS_SEARCH_USER_PATHS = NO;
				CLANG_CXX_LANGUAGE_STANDARD = "gnu++0x";
				CLANG_CXX_LIBRARY = "libc++";
				CLANG_ENABLE_MODULES = YES;
				CLANG_ENABLE_OBJC_ARC = YES;
				CLANG_WARN_BLOCK_CAPTURE_AUTORELEASING = YES;
				CLANG_WARN_BOOL_CONVERSION = YES;
				CLANG_WARN_COMMA = YES;
				CLANG_WARN_CONSTANT_CONVERSION = YES;
				CLANG_WARN_DIRECT_OBJC_ISA_USAGE = YES_ERROR;
				CLANG_WARN_EMPTY_BODY = YES;
				CLANG_WARN_ENUM_CONVERSION = YES;
				CLANG_WARN_INFINITE_RECURSION = YES;
				CLANG_WARN_INT_CONVERSION = YES;
				CLANG_WARN_NON_LITERAL_NULL_CONVERSION = YES;
				CLANG_WARN_OBJC_LITERAL_CONVERSION = YES;
				CLANG_WARN_OBJC_ROOT_CLASS = YES_ERROR;
				CLANG_WARN_RANGE_LOOP_ANALYSIS = YES;
				CLANG_WARN_STRICT_PROTOTYPES = YES;
				CLANG_WARN_SUSPICIOUS_MOVE = YES;
				CLANG_WARN_UNREACHABLE_CODE = YES;
				CLANG_WARN__DUPLICATE_METHOD_MATCH = YES;
				"CODE_SIGN_IDENTITY[sdk=iphoneos*]" = "iPhone Developer";
				COPY_PHASE_STRIP = NO;
				DEBUG_INFORMATION_FORMAT = "dwarf-with-dsym";
				ENABLE_STRICT_OBJC_MSGSEND = YES;
				ENABLE_TESTABILITY = YES;
				GCC_C_LANGUAGE_STANDARD = gnu99;
				GCC_DYNAMIC_NO_PIC = NO;
				GCC_NO_COMMON_BLOCKS = YES;
				GCC_OPTIMIZATION_LEVEL = 0;
				GCC_PREPROCESSOR_DEFINITIONS = (
					"DEBUG=1",
					"$(inherited)",
				);
				GCC_SYMBOLS_PRIVATE_EXTERN = NO;
				GCC_WARN_64_TO_32_BIT_CONVERSION = YES;
				GCC_WARN_ABOUT_RETURN_TYPE = YES_ERROR;
				GCC_WARN_UNDECLARED_SELECTOR = YES;
				GCC_WARN_UNINITIALIZED_AUTOS = YES_AGGRESSIVE;
				GCC_WARN_UNUSED_FUNCTION = YES;
				GCC_WARN_UNUSED_VARIABLE = YES;
				IPHONEOS_DEPLOYMENT_TARGET = 9.3;
				MTL_ENABLE_DEBUG_INFO = YES;
				ONLY_ACTIVE_ARCH = YES;
				SDKROOT = iphoneos;
				SWIFT_OPTIMIZATION_LEVEL = "-Onone";
			};
			name = Debug;
		};
		607FACEE1AFB9204008FA782 /* Release */ = {
			isa = XCBuildConfiguration;
			buildSettings = {
				ALWAYS_SEARCH_USER_PATHS = NO;
				CLANG_CXX_LANGUAGE_STANDARD = "gnu++0x";
				CLANG_CXX_LIBRARY = "libc++";
				CLANG_ENABLE_MODULES = YES;
				CLANG_ENABLE_OBJC_ARC = YES;
				CLANG_WARN_BLOCK_CAPTURE_AUTORELEASING = YES;
				CLANG_WARN_BOOL_CONVERSION = YES;
				CLANG_WARN_COMMA = YES;
				CLANG_WARN_CONSTANT_CONVERSION = YES;
				CLANG_WARN_DIRECT_OBJC_ISA_USAGE = YES_ERROR;
				CLANG_WARN_EMPTY_BODY = YES;
				CLANG_WARN_ENUM_CONVERSION = YES;
				CLANG_WARN_INFINITE_RECURSION = YES;
				CLANG_WARN_INT_CONVERSION = YES;
				CLANG_WARN_NON_LITERAL_NULL_CONVERSION = YES;
				CLANG_WARN_OBJC_LITERAL_CONVERSION = YES;
				CLANG_WARN_OBJC_ROOT_CLASS = YES_ERROR;
				CLANG_WARN_RANGE_LOOP_ANALYSIS = YES;
				CLANG_WARN_STRICT_PROTOTYPES = YES;
				CLANG_WARN_SUSPICIOUS_MOVE = YES;
				CLANG_WARN_UNREACHABLE_CODE = YES;
				CLANG_WARN__DUPLICATE_METHOD_MATCH = YES;
				"CODE_SIGN_IDENTITY[sdk=iphoneos*]" = "iPhone Developer";
				COPY_PHASE_STRIP = NO;
				DEBUG_INFORMATION_FORMAT = "dwarf-with-dsym";
				ENABLE_NS_ASSERTIONS = NO;
				ENABLE_STRICT_OBJC_MSGSEND = YES;
				GCC_C_LANGUAGE_STANDARD = gnu99;
				GCC_NO_COMMON_BLOCKS = YES;
				GCC_WARN_64_TO_32_BIT_CONVERSION = YES;
				GCC_WARN_ABOUT_RETURN_TYPE = YES_ERROR;
				GCC_WARN_UNDECLARED_SELECTOR = YES;
				GCC_WARN_UNINITIALIZED_AUTOS = YES_AGGRESSIVE;
				GCC_WARN_UNUSED_FUNCTION = YES;
				GCC_WARN_UNUSED_VARIABLE = YES;
				IPHONEOS_DEPLOYMENT_TARGET = 9.3;
				MTL_ENABLE_DEBUG_INFO = NO;
				SDKROOT = iphoneos;
				SWIFT_OPTIMIZATION_LEVEL = "-Owholemodule";
				VALIDATE_PRODUCT = YES;
			};
			name = Release;
		};
		607FACF01AFB9204008FA782 /* Debug */ = {
			isa = XCBuildConfiguration;
			baseConfigurationReference = 6524ACEC73A244096D6FE440 /* Pods-SwiftyEssentials_Example.debug.xcconfig */;
			buildSettings = {
				ASSETCATALOG_COMPILER_APPICON_NAME = AppIcon;
				INFOPLIST_FILE = SwiftyEssentials/Info.plist;
				IPHONEOS_DEPLOYMENT_TARGET = 10.0;
				LD_RUNPATH_SEARCH_PATHS = "$(inherited) @executable_path/Frameworks";
				MODULE_NAME = ExampleApp;
				PRODUCT_BUNDLE_IDENTIFIER = "org.cocoapods.demo.$(PRODUCT_NAME:rfc1034identifier)";
				PRODUCT_NAME = "$(TARGET_NAME)";
				SWIFT_SWIFT3_OBJC_INFERENCE = Default;
				SWIFT_VERSION = 4.0;
			};
			name = Debug;
		};
		607FACF11AFB9204008FA782 /* Release */ = {
			isa = XCBuildConfiguration;
			baseConfigurationReference = BCFE2715C4E40F0659FC1B82 /* Pods-SwiftyEssentials_Example.release.xcconfig */;
			buildSettings = {
				ASSETCATALOG_COMPILER_APPICON_NAME = AppIcon;
				INFOPLIST_FILE = SwiftyEssentials/Info.plist;
				IPHONEOS_DEPLOYMENT_TARGET = 10.0;
				LD_RUNPATH_SEARCH_PATHS = "$(inherited) @executable_path/Frameworks";
				MODULE_NAME = ExampleApp;
				PRODUCT_BUNDLE_IDENTIFIER = "org.cocoapods.demo.$(PRODUCT_NAME:rfc1034identifier)";
				PRODUCT_NAME = "$(TARGET_NAME)";
				SWIFT_SWIFT3_OBJC_INFERENCE = Default;
				SWIFT_VERSION = 4.0;
			};
			name = Release;
		};
		607FACF31AFB9204008FA782 /* Debug */ = {
			isa = XCBuildConfiguration;
			baseConfigurationReference = 2666E64C64A9A0020150E176 /* Pods-SwiftyEssentials_Tests.debug.xcconfig */;
			buildSettings = {
				FRAMEWORK_SEARCH_PATHS = (
					"$(SDKROOT)/Developer/Library/Frameworks",
					"$(inherited)",
				);
				GCC_PREPROCESSOR_DEFINITIONS = (
					"DEBUG=1",
					"$(inherited)",
				);
				INFOPLIST_FILE = Tests/Info.plist;
				LD_RUNPATH_SEARCH_PATHS = "$(inherited) @executable_path/Frameworks @loader_path/Frameworks";
				PRODUCT_BUNDLE_IDENTIFIER = "org.cocoapods.$(PRODUCT_NAME:rfc1034identifier)";
				PRODUCT_NAME = "$(TARGET_NAME)";
				SWIFT_SWIFT3_OBJC_INFERENCE = Default;
				SWIFT_VERSION = 4.0;
			};
			name = Debug;
		};
		607FACF41AFB9204008FA782 /* Release */ = {
			isa = XCBuildConfiguration;
			baseConfigurationReference = 1C313112ABDA69885B5BD218 /* Pods-SwiftyEssentials_Tests.release.xcconfig */;
			buildSettings = {
				FRAMEWORK_SEARCH_PATHS = (
					"$(SDKROOT)/Developer/Library/Frameworks",
					"$(inherited)",
				);
				INFOPLIST_FILE = Tests/Info.plist;
				LD_RUNPATH_SEARCH_PATHS = "$(inherited) @executable_path/Frameworks @loader_path/Frameworks";
				PRODUCT_BUNDLE_IDENTIFIER = "org.cocoapods.$(PRODUCT_NAME:rfc1034identifier)";
				PRODUCT_NAME = "$(TARGET_NAME)";
				SWIFT_SWIFT3_OBJC_INFERENCE = Default;
				SWIFT_VERSION = 4.0;
			};
			name = Release;
		};
/* End XCBuildConfiguration section */

/* Begin XCConfigurationList section */
		607FACCB1AFB9204008FA782 /* Build configuration list for PBXProject "SwiftyEssentials" */ = {
			isa = XCConfigurationList;
			buildConfigurations = (
				607FACED1AFB9204008FA782 /* Debug */,
				607FACEE1AFB9204008FA782 /* Release */,
			);
			defaultConfigurationIsVisible = 0;
			defaultConfigurationName = Release;
		};
		607FACEF1AFB9204008FA782 /* Build configuration list for PBXNativeTarget "SwiftyEssentials_Example" */ = {
			isa = XCConfigurationList;
			buildConfigurations = (
				607FACF01AFB9204008FA782 /* Debug */,
				607FACF11AFB9204008FA782 /* Release */,
			);
			defaultConfigurationIsVisible = 0;
			defaultConfigurationName = Release;
		};
		607FACF21AFB9204008FA782 /* Build configuration list for PBXNativeTarget "SwiftyEssentials_Tests" */ = {
			isa = XCConfigurationList;
			buildConfigurations = (
				607FACF31AFB9204008FA782 /* Debug */,
				607FACF41AFB9204008FA782 /* Release */,
			);
			defaultConfigurationIsVisible = 0;
			defaultConfigurationName = Release;
		};
/* End XCConfigurationList section */
	};
	rootObject = 607FACC81AFB9204008FA782 /* Project object */;
}
